
Microsoft Visual Studio Solution File, Format Version 11.00
# Visual Studio 2010
Project("{FAE04EC0-301F-11D3-BF4B-00C04F79EFBC}") = "MVCMigration", "MVCMigration\MVCMigration.csproj", "{8DE7061E-3025-4913-9B8C-9F2F0DDE17CE}"
EndProject
Global
	GlobalSection(SolutionConfigurationPlatforms) = preSolution
		Debug|Any CPU = Debug|Any CPU
		Release|Any CPU = Release|Any CPU
	EndGlobalSection
	GlobalSection(ProjectConfigurationPlatforms) = postSolution
		{8DE7061E-3025-4913-9B8C-9F2F0DDE17CE}.Debug|Any CPU.ActiveCfg = Debug|Any CPU
		{8DE7061E-3025-4913-9B8C-9F2F0DDE17CE}.Debug|Any CPU.Build.0 = Debug|Any CPU
		{8DE7061E-3025-4913-9B8C-9F2F0DDE17CE}.Release|Any CPU.ActiveCfg = Release|Any CPU
		{8DE7061E-3025-4913-9B8C-9F2F0DDE17CE}.Release|Any CPU.Build.0 = Release|Any CPU
	EndGlobalSection
	GlobalSection(SolutionProperties) = preSolution
		HideSolutionNode = FALSE
	EndGlobalSection
EndGlobal
